
Microsoft Visual Studio Solution File, Format Version 12.00
# Visual Studio Version 17
VisualStudioVersion = 17.0.31903.59
MinimumVisualStudioVersion = 10.0.40219.1
Project("{FAE04EC0-301F-11D3-BF4B-00C04F79EFBC}") = "Prothus.Application", "Prothus.Application\Prothus.Application.csproj", "{1E6A712C-5DEF-4F3B-ED38-744942239EED}"
EndProject
Project("{FAE04EC0-301F-11D3-BF4B-00C04F79EFBC}") = "Prothus.Domain", "Prothus.Domain\Prothus.Domain.csproj", "{FC4AD83C-3770-BAB2-23CF-1048F4945BF2}"
EndProject
Project("{FAE04EC0-301F-11D3-BF4B-00C04F79EFBC}") = "Prothus.Infrastructure", "Prothus.Infrastructure\Prothus.Infrastructure.csproj", "{AAF61C35-388E-BFB5-58B2-C1095CE477BA}"
EndProject
Project("{FAE04EC0-301F-11D3-BF4B-00C04F79EFBC}") = "Prothus.UI", "Prothus.UI\Prothus.UI.csproj", "{F48619A3-DF6E-DEF0-F64C-1A128162AE1A}"
EndProject
Project("{2150E333-8FDC-42A3-9474-1A3956D46DE8}") = "Core", "Core", "{02EA681E-C7D8-13C7-8484-4AC65E1B71E8}"
EndProject
Global
	GlobalSection(SolutionConfigurationPlatforms) = preSolution
		Debug|Any CPU = Debug|Any CPU
		Release|Any CPU = Release|Any CPU
	EndGlobalSection
	GlobalSection(ProjectConfigurationPlatforms) = postSolution
		{1E6A712C-5DEF-4F3B-ED38-744942239EED}.Debug|Any CPU.ActiveCfg = Debug|Any CPU
		{1E6A712C-5DEF-4F3B-ED38-744942239EED}.Debug|Any CPU.Build.0 = Debug|Any CPU
		{1E6A712C-5DEF-4F3B-ED38-744942239EED}.Release|Any CPU.ActiveCfg = Release|Any CPU
		{1E6A712C-5DEF-4F3B-ED38-744942239EED}.Release|Any CPU.Build.0 = Release|Any CPU
		{FC4AD83C-3770-BAB2-23CF-1048F4945BF2}.Debug|Any CPU.ActiveCfg = Debug|Any CPU
		{FC4AD83C-3770-BAB2-23CF-1048F4945BF2}.Debug|Any CPU.Build.0 = Debug|Any CPU
		{FC4AD83C-3770-BAB2-23CF-1048F4945BF2}.Release|Any CPU.ActiveCfg = Release|Any CPU
		{FC4AD83C-3770-BAB2-23CF-1048F4945BF2}.Release|Any CPU.Build.0 = Release|Any CPU
		{AAF61C35-388E-BFB5-58B2-C1095CE477BA}.Debug|Any CPU.ActiveCfg = Debug|Any CPU
		{AAF61C35-388E-BFB5-58B2-C1095CE477BA}.Debug|Any CPU.Build.0 = Debug|Any CPU
		{AAF61C35-388E-BFB5-58B2-C1095CE477BA}.Release|Any CPU.ActiveCfg = Release|Any CPU
		{AAF61C35-388E-BFB5-58B2-C1095CE477BA}.Release|Any CPU.Build.0 = Release|Any CPU
		{F48619A3-DF6E-DEF0-F64C-1A128162AE1A}.Debug|Any CPU.ActiveCfg = Debug|Any CPU
		{F48619A3-DF6E-DEF0-F64C-1A128162AE1A}.Debug|Any CPU.Build.0 = Debug|Any CPU
		{F48619A3-DF6E-DEF0-F64C-1A128162AE1A}.Release|Any CPU.ActiveCfg = Release|Any CPU
		{F48619A3-DF6E-DEF0-F64C-1A128162AE1A}.Release|Any CPU.Build.0 = Release|Any CPU
	EndGlobalSection
	GlobalSection(SolutionProperties) = preSolution
		HideSolutionNode = FALSE
	EndGlobalSection
	GlobalSection(NestedProjects) = preSolution
		{1E6A712C-5DEF-4F3B-ED38-744942239EED} = {02EA681E-C7D8-13C7-8484-4AC65E1B71E8}
		{FC4AD83C-3770-BAB2-23CF-1048F4945BF2} = {02EA681E-C7D8-13C7-8484-4AC65E1B71E8}
	EndGlobalSection
	GlobalSection(ExtensibilityGlobals) = postSolution
		SolutionGuid = {9868F974-A8D5-4D8F-992E-276B19B89BE1}
	EndGlobalSection
EndGlobal
